{
  "name": "cloudevent-exp",
  "version": "1.0.0",
  "lockfileVersion": 1,
  "requires": true,
  "dependencies": {
    "cloudevent": {
      "version": "0.6.0",
      "resolved": "https://registry.npmjs.org/cloudevent/-/cloudevent-0.6.0.tgz",
      "integrity": "sha512-i8rWPyStNXx1457TyWtsQeW92e1vhoHLVHCNxXoiszmKqhjSlwQZ4iC7j8uM02LUNjdgbTB/fLayBLzsG1GidA=="
    }
  }
}
